PODS:
  - Alamofire (4.0.1)
  - MBProgressHUD (1.0.0)
  - SDCAlertView (7.1)
  - SnapKit (3.0.2)
  - SwiftyJSON (3.1.1)

DEPENDENCIES:
  - Alamofire (~> 4.0)
  - MBProgressHUD (~> 1.0.0)
  - SDCAlertView (~> 7.1)
  - SnapKit (~> 3.0.2)
  - SwiftyJSON

SPEC CHECKSUMS:
  Alamofire: 7682d43245de14874acd142ec137b144aa1dd335
  MBProgressHUD: 4890f671c94e8a0f3cf959aa731e9de2f036d71a
  SDCAlertView: b92fd1f00e522e18a062005e15a16c1e8295c5b5
  SnapKit: 2e456761aa92d4d4067a7a5594c18769d451a8ad
  SwiftyJSON: f0be2e604f83e8405a624e9f891898bf6ed4e019

PODFILE CHECKSUM: 6c596807cc4edd5778c32ff540ce7d6c20fa7588

COCOAPODS: 1.1.1
